
Microsoft Visual Studio Solution File, Format Version 12.00
# Visual Studio Version 17
VisualStudioVersion = 17.0.31912.275
MinimumVisualStudioVersion = 10.0.40219.1
Project("{FAE04EC0-301F-11D3-BF4B-00C04F79EFBC}") = "ManageImageTest", "ManageImageTest\ManageImageTest.csproj", "{2581F403-324F-487D-9D12-144A26B01017}"
EndProject
Project("{FAE04EC0-301F-11D3-BF4B-00C04F79EFBC}") = "ManageImageTest.UnitTest", "ManageImageTest.UnitTest\ManageImageTest.UnitTest.csproj", "{AB4FE327-6F8B-4437-B799-560D76B868E1}"
EndProject
Global
	GlobalSection(SolutionConfigurationPlatforms) = preSolution
		Debug|Any CPU = Debug|Any CPU
		Release|Any CPU = Release|Any CPU
	EndGlobalSection
	GlobalSection(ProjectConfigurationPlatforms) = postSolution
		{2581F403-324F-487D-9D12-144A26B01017}.Debug|Any CPU.ActiveCfg = Debug|Any CPU
		{2581F403-324F-487D-9D12-144A26B01017}.Debug|Any CPU.Build.0 = Debug|Any CPU
		{2581F403-324F-487D-9D12-144A26B01017}.Release|Any CPU.ActiveCfg = Release|Any CPU
		{2581F403-324F-487D-9D12-144A26B01017}.Release|Any CPU.Build.0 = Release|Any CPU
		{AB4FE327-6F8B-4437-B799-560D76B868E1}.Debug|Any CPU.ActiveCfg = Debug|Any CPU
		{AB4FE327-6F8B-4437-B799-560D76B868E1}.Debug|Any CPU.Build.0 = Debug|Any CPU
		{AB4FE327-6F8B-4437-B799-560D76B868E1}.Release|Any CPU.ActiveCfg = Release|Any CPU
		{AB4FE327-6F8B-4437-B799-560D76B868E1}.Release|Any CPU.Build.0 = Release|Any CPU
	EndGlobalSection
	GlobalSection(SolutionProperties) = preSolution
		HideSolutionNode = FALSE
	EndGlobalSection
	GlobalSection(ExtensibilityGlobals) = postSolution
		SolutionGuid = {68EF8149-D6CE-49BE-BF41-921198764F4C}
	EndGlobalSection
EndGlobal
